<?xml version="1.0" encoding="utf-8"?>
<Project ToolsVersion="4.0" xmlns="http://schemas.microsoft.com/developer/msbuild/2003">
  <ItemGroup>
    <Filter Include="Source Files">
      <UniqueIdentifier>{9b1405d6-578a-4b21-89b6-c6d422642a5b}</UniqueIdentifier>
      <Extensions>cpp;c;cxx;rc;def;r;odl;idl;hpj;bat;for;f90</Extensions>
    </Filter>
    <Filter Include="Header Files">
      <UniqueIdentifier>{a658a505-afd4-4da7-ba6d-939e98ea8faf}</UniqueIdentifier>
      <Extensions>h;hpp;hxx;hm;inl;fi;fd</Extensions>
    </Filter>
    <Filter Include="Resource Files">
      <UniqueIdentifier>{fd342927-dfb8-46cf-aa04-099a510ad820}</UniqueIdentifier>
      <Extensions>ico;cur;bmp;dlg;rc2;rct;bin;cnt;rtf;gif;jpg;jpeg;jpe</Extensions>
    </Filter>
  </ItemGroup>
  <ItemGroup>
    <ClCompile Include="..\common\cmdlib.c">
      <Filter>Source Files</Filter>
    </ClCompile>
    <ClCompile Include="..\common\lbmlib.c">
      <Filter>Source Files</Filter>
    </ClCompile>
    <ClCompile Include="qlumpy.c">
      <Filter>Source Files</Filter>
    </ClCompile>
    <ClCompile Include="quakegrb.c">
      <Filter>Source Files</Filter>
    </ClCompile>
    <ClCompile Include="..\common\scriplib.c">
      <Filter>Source Files</Filter>
    </ClCompile>
    <ClCompile Include="..\common\wadlib.c">
      <Filter>Source Files</Filter>
    </ClCompile>
  </ItemGroup>
  <ItemGroup>
    <ClInclude Include="..\common\cmdlib.h">
      <Filter>Header Files</Filter>
    </ClInclude>
    <ClInclude Include="..\common\lbmlib.h">
      <Filter>Header Files</Filter>
    </ClInclude>
    <ClInclude Include="qlumpy.h">
      <Filter>Header Files</Filter>
    </ClInclude>
    <ClInclude Include="..\common\scriplib.h">
      <Filter>Header Files</Filter>
    </ClInclude>
    <ClInclude Include="..\common\wadlib.h">
      <Filter>Header Files</Filter>
    </ClInclude>
  </ItemGroup>
</Project>